
Microsoft Visual Studio Solution File, Format Version 12.00
# Visual Studio Version 16
VisualStudioVersion = 16.0.31005.135
MinimumVisualStudioVersion = 10.0.40219.1
Project("{9A19103F-16F7-4668-BE54-9A1E7A4F7556}") = "API", "API\API.csproj", "{9488B177-42B5-412C-9828-BCE792017E14}"
EndProject
Project("{E24C65DC-7377-472B-9ABA-BC803B73C61A}") = "SPA", "SPA\", "{AE50B62F-038F-48AE-B9F2-48EEFE0A27D8}"
	ProjectSection(WebsiteProperties) = preProject
		TargetFrameworkMoniker = ".NETFramework,Version%3Dv4.0"
		Debug.AspNetCompiler.VirtualPath = "/localhost_53139"
		Debug.AspNetCompiler.PhysicalPath = "SPA\"
		Debug.AspNetCompiler.TargetPath = "PrecompiledWeb\localhost_53139\"
		Debug.AspNetCompiler.Updateable = "true"
		Debug.AspNetCompiler.ForceOverwrite = "true"
		Debug.AspNetCompiler.FixedNames = "false"
		Debug.AspNetCompiler.Debug = "True"
		Release.AspNetCompiler.VirtualPath = "/localhost_53139"
		Release.AspNetCompiler.PhysicalPath = "SPA\"
		Release.AspNetCompiler.TargetPath = "PrecompiledWeb\localhost_53139\"
		Release.AspNetCompiler.Updateable = "true"
		Release.AspNetCompiler.ForceOverwrite = "true"
		Release.AspNetCompiler.FixedNames = "false"
		Release.AspNetCompiler.Debug = "False"
		VWDPort = "53139"
		SlnRelativePath = "SPA\"
	EndProjectSection
EndProject
Global
	GlobalSection(SolutionConfigurationPlatforms) = preSolution
		Debug|Any CPU = Debug|Any CPU
		Release|Any CPU = Release|Any CPU
	EndGlobalSection
	GlobalSection(ProjectConfigurationPlatforms) = postSolution
		{9488B177-42B5-412C-9828-BCE792017E14}.Debug|Any CPU.ActiveCfg = Debug|Any CPU
		{9488B177-42B5-412C-9828-BCE792017E14}.Debug|Any CPU.Build.0 = Debug|Any CPU
		{9488B177-42B5-412C-9828-BCE792017E14}.Release|Any CPU.ActiveCfg = Release|Any CPU
		{9488B177-42B5-412C-9828-BCE792017E14}.Release|Any CPU.Build.0 = Release|Any CPU
		{AE50B62F-038F-48AE-B9F2-48EEFE0A27D8}.Debug|Any CPU.ActiveCfg = Debug|Any CPU
		{AE50B62F-038F-48AE-B9F2-48EEFE0A27D8}.Debug|Any CPU.Build.0 = Debug|Any CPU
		{AE50B62F-038F-48AE-B9F2-48EEFE0A27D8}.Release|Any CPU.ActiveCfg = Debug|Any CPU
		{AE50B62F-038F-48AE-B9F2-48EEFE0A27D8}.Release|Any CPU.Build.0 = Debug|Any CPU
	EndGlobalSection
	GlobalSection(SolutionProperties) = preSolution
		HideSolutionNode = FALSE
	EndGlobalSection
	GlobalSection(ExtensibilityGlobals) = postSolution
		SolutionGuid = {F5AA5BEB-DEA1-4268-AFBF-2E9BB4EE4A7A}
	EndGlobalSection
EndGlobal
